{
  "pins" : [
    {
      "identity" : "keychainaccess",
      "kind" : "remoteSourceControl",
      "location" : "https://github.com/kishikawakatsumi/KeychainAccess",
      "state" : {
        "revision" : "84e546727d66f1adc5439debad16270d0fdd04e7",
        "version" : "4.2.2"
      }
    },
    {
      "identity" : "opencombine",
      "kind" : "remoteSourceControl",
      "location" : "https://github.com/OpenCombine/OpenCombine.git",
      "state" : {
        "revision" : "9cf67e363738dbab61b47fb5eaed78d3db31e5ee",
        "version" : "0.13.0"
      }
    },
    {
      "identity" : "regularexpressions",
      "kind" : "remoteSourceControl",
      "location" : "https://github.com/Peter-Schorn/RegularExpressions.git",
      "state" : {
        "revision" : "b27140d0bd3a9a1e61f2324f644219be98eb3311",
        "version" : "2.2.0"
      }
    },
    {
      "identity" : "spotifyapi",
      "kind" : "remoteSourceControl",
      "location" : "https://github.com/Peter-Schorn/SpotifyAPI",
      "state" : {
        "branch" : "master",
        "revision" : "c5f6007f76bb6b30f09896a93ac1baec9a661071"
      }
    },
    {
      "identity" : "swift-crypto",
      "kind" : "remoteSourceControl",
      "location" : "https://github.com/apple/swift-crypto.git",
      "state" : {
        "revision" : "ddb07e896a2a8af79512543b1c7eb9797f8898a5",
        "version" : "1.1.7"
      }
    },
    {
      "identity" : "swift-log",
      "kind" : "remoteSourceControl",
      "location" : "https://github.com/apple/swift-log.git",
      "state" : {
        "revision" : "6fe203dc33195667ce1759bf0182975e4653ba1c",
        "version" : "1.4.4"
      }
    }
  ],
  "version" : 2
}
