{
  "object": {
    "pins": [
      {
        "package": "KeychainAccess",
        "repositoryURL": "https://github.com/kishikawakatsumi/KeychainAccess",
        "state": {
          "branch": null,
          "revision": "654d52d30f3dd4592e944c3e0bccb53178c992f6",
          "version": "4.2.1"
        }
      },
      {
        "package": "OpenCombine",
        "repositoryURL": "https://github.com/OpenCombine/OpenCombine.git",
        "state": {
          "branch": null,
          "revision": "9bba5081344163296ddf537048566b95513b8f39",
          "version": "0.11.0"
        }
      },
      {
        "package": "RegularExpressions",
        "repositoryURL": "https://github.com/Peter-Schorn/RegularExpressions.git",
        "state": {
          "branch": null,
          "revision": "22ba1cc5aa92ffc093151ced2751886bc07fd9d6",
          "version": "2.1.2"
        }
      },
      {
        "package": "SpotifyAPI",
        "repositoryURL": "https://github.com/Peter-Schorn/SpotifyAPI.git",
        "state": {
          "branch": null,
          "revision": "d49036501b8fe8b2e92dfc73054d564fd158be16",
          "version": "1.4.2"
        }
      },
      {
        "package": "swift-crypto",
        "repositoryURL": "https://github.com/apple/swift-crypto.git",
        "state": {
          "branch": null,
          "revision": "8f4bfa5bc1951440c15710e9e893721aa4b2765c",
          "version": "1.1.3"
        }
      },
      {
        "package": "swift-log",
        "repositoryURL": "https://github.com/apple/swift-log.git",
        "state": {
          "branch": null,
          "revision": "173f567a2dfec11d74588eea82cecea555bdc0bc",
          "version": "1.4.0"
        }
      }
    ]
  },
  "version": 1
}
