// !$*UTF8*$!
{
	archiveVersion = 1;
	classes = {
	};
	objectVersion = 52;
	objects = {

/* Begin PBXBuildFile section */
		470812ED2515E4D700794934 /* SpotifyAPIExampleAppApp.swift in Sources */ = {isa = PBXBuildFile; fileRef = 470812EC2515E4D700794934 /* SpotifyAPIExampleAppApp.swift */; };
		470812EF2515E4D700794934 /* RootView.swift in Sources */ = {isa = PBXBuildFile; fileRef = 470812EE2515E4D700794934 /* RootView.swift */; };
		470812F12515E4DA00794934 /* Assets.xcassets in Resources */ = {isa = PBXBuildFile; fileRef = 470812F02515E4DA00794934 /* Assets.xcassets */; };
		470812F42515E4DA00794934 /* Preview Assets.xcassets in Resources */ = {isa = PBXBuildFile; fileRef = 470812F32515E4DA00794934 /* Preview Assets.xcassets */; };
		470812FE2515E64300794934 /* SpotifyAPI in Frameworks */ = {isa = PBXBuildFile; productRef = 470812FD2515E64300794934 /* SpotifyAPI */; };
		470813032515E8A200794934 /* KeychainAccess in Frameworks */ = {isa = PBXBuildFile; productRef = 470813022515E8A200794934 /* KeychainAccess */; };
		4708130A2515EA2800794934 /* Spotify.swift in Sources */ = {isa = PBXBuildFile; fileRef = 470813092515EA2800794934 /* Spotify.swift */; };
		4708130E2515EB6B00794934 /* ImageNames.swift in Sources */ = {isa = PBXBuildFile; fileRef = 4708130D2515EB6B00794934 /* ImageNames.swift */; };
		4725249B253F8B9B00F3FD13 /* LoginView.swift in Sources */ = {isa = PBXBuildFile; fileRef = 4725249A253F8B9B00F3FD13 /* LoginView.swift */; };
		473F415E2516FF5C009E52C3 /* AlbumTracksView.swift in Sources */ = {isa = PBXBuildFile; fileRef = 473F415D2516FF5C009E52C3 /* AlbumTracksView.swift */; };
		47B9615025169BEF0069E441 /* ExamplesListView.swift in Sources */ = {isa = PBXBuildFile; fileRef = 47B9614F25169BEF0069E441 /* ExamplesListView.swift */; };
		47B9615325169C030069E441 /* PlaylistsListView.swift in Sources */ = {isa = PBXBuildFile; fileRef = 47B9615225169C030069E441 /* PlaylistsListView.swift */; };
		47B961592516A6F50069E441 /* PlaylistCellView.swift in Sources */ = {isa = PBXBuildFile; fileRef = 47B961582516A6F50069E441 /* PlaylistCellView.swift */; };
		47B9615E2516BA990069E441 /* SearchForTracksView.swift in Sources */ = {isa = PBXBuildFile; fileRef = 47B9615D2516BA990069E441 /* SearchForTracksView.swift */; };
		47B961662516EDDE0069E441 /* SavedAlbumsGridView.swift in Sources */ = {isa = PBXBuildFile; fileRef = 47B961652516EDDE0069E441 /* SavedAlbumsGridView.swift */; };
		47B9616A2516F3DF0069E441 /* SavedAlbumView.swift in Sources */ = {isa = PBXBuildFile; fileRef = 47B961692516F3DF0069E441 /* SavedAlbumView.swift */; };
		47C332A7251688D9009ED5CA /* miscellaneousUtilities.swift in Sources */ = {isa = PBXBuildFile; fileRef = 47C332A6251688D9009ED5CA /* miscellaneousUtilities.swift */; };
		47C5818C255B1858007EE0CA /* SpotifyAPIExtensions.swift in Sources */ = {isa = PBXBuildFile; fileRef = 47C5818B255B1858007EE0CA /* SpotifyAPIExtensions.swift */; };
		47D760CA2541738100A08663 /* TrackView.swift in Sources */ = {isa = PBXBuildFile; fileRef = 47D760C92541738100A08663 /* TrackView.swift */; };
/* End PBXBuildFile section */

/* Begin PBXFileReference section */
		470812E92515E4D700794934 /* SpotifyAPIExampleApp.app */ = {isa = PBXFileReference; explicitFileType = wrapper.application; includeInIndex = 0; path = SpotifyAPIExampleApp.app; sourceTree = BUILT_PRODUCTS_DIR; };
		470812EC2515E4D700794934 /* SpotifyAPIExampleAppApp.swift */ = {isa = PBXFileReference; lastKnownFileType = sourcecode.swift; path = SpotifyAPIExampleAppApp.swift; sourceTree = "<group>"; };
		470812EE2515E4D700794934 /* RootView.swift */ = {isa = PBXFileReference; lastKnownFileType = sourcecode.swift; path = RootView.swift; sourceTree = "<group>"; };
		470812F02515E4DA00794934 /* Assets.xcassets */ = {isa = PBXFileReference; lastKnownFileType = folder.assetcatalog; path = Assets.xcassets; sourceTree = "<group>"; };
		470812F32515E4DA00794934 /* Preview Assets.xcassets */ = {isa = PBXFileReference; lastKnownFileType = folder.assetcatalog; path = "Preview Assets.xcassets"; sourceTree = "<group>"; };
		470812F52515E4DA00794934 /* Info.plist */ = {isa = PBXFileReference; lastKnownFileType = text.plist.xml; path = Info.plist; sourceTree = "<group>"; };
		470813092515EA2800794934 /* Spotify.swift */ = {isa = PBXFileReference; lastKnownFileType = sourcecode.swift; path = Spotify.swift; sourceTree = "<group>"; };
		4708130D2515EB6B00794934 /* ImageNames.swift */ = {isa = PBXFileReference; lastKnownFileType = sourcecode.swift; path = ImageNames.swift; sourceTree = "<group>"; };
		4725249A253F8B9B00F3FD13 /* LoginView.swift */ = {isa = PBXFileReference; fileEncoding = 4; lastKnownFileType = sourcecode.swift; path = LoginView.swift; sourceTree = "<group>"; };
		473F415D2516FF5C009E52C3 /* AlbumTracksView.swift */ = {isa = PBXFileReference; lastKnownFileType = sourcecode.swift; path = AlbumTracksView.swift; sourceTree = "<group>"; };
		47B9614F25169BEF0069E441 /* ExamplesListView.swift */ = {isa = PBXFileReference; lastKnownFileType = sourcecode.swift; path = ExamplesListView.swift; sourceTree = "<group>"; };
		47B9615225169C030069E441 /* PlaylistsListView.swift */ = {isa = PBXFileReference; lastKnownFileType = sourcecode.swift; path = PlaylistsListView.swift; sourceTree = "<group>"; };
		47B961582516A6F50069E441 /* PlaylistCellView.swift */ = {isa = PBXFileReference; lastKnownFileType = sourcecode.swift; path = PlaylistCellView.swift; sourceTree = "<group>"; };
		47B9615D2516BA990069E441 /* SearchForTracksView.swift */ = {isa = PBXFileReference; lastKnownFileType = sourcecode.swift; path = SearchForTracksView.swift; sourceTree = "<group>"; };
		47B961652516EDDE0069E441 /* SavedAlbumsGridView.swift */ = {isa = PBXFileReference; lastKnownFileType = sourcecode.swift; path = SavedAlbumsGridView.swift; sourceTree = "<group>"; };
		47B961692516F3DF0069E441 /* SavedAlbumView.swift */ = {isa = PBXFileReference; lastKnownFileType = sourcecode.swift; path = SavedAlbumView.swift; sourceTree = "<group>"; };
		47C332A6251688D9009ED5CA /* miscellaneousUtilities.swift */ = {isa = PBXFileReference; lastKnownFileType = sourcecode.swift; path = miscellaneousUtilities.swift; sourceTree = "<group>"; };
		47C5818B255B1858007EE0CA /* SpotifyAPIExtensions.swift */ = {isa = PBXFileReference; lastKnownFileType = sourcecode.swift; path = SpotifyAPIExtensions.swift; sourceTree = "<group>"; };
		47D760C92541738100A08663 /* TrackView.swift */ = {isa = PBXFileReference; lastKnownFileType = sourcecode.swift; path = TrackView.swift; sourceTree = "<group>"; };
/* End PBXFileReference section */

/* Begin PBXFrameworksBuildPhase section */
		470812E62515E4D700794934 /* Frameworks */ = {
			isa = PBXFrameworksBuildPhase;
			buildActionMask = 2147483647;
			files = (
				470813032515E8A200794934 /* KeychainAccess in Frameworks */,
				470812FE2515E64300794934 /* SpotifyAPI in Frameworks */,
			);
			runOnlyForDeploymentPostprocessing = 0;
		};
/* End PBXFrameworksBuildPhase section */

/* Begin PBXGroup section */
		470812E02515E4D700794934 = {
			isa = PBXGroup;
			children = (
				470812EB2515E4D700794934 /* SpotifyAPIExampleApp */,
				470812EA2515E4D700794934 /* Products */,
			);
			sourceTree = "<group>";
		};
		470812EA2515E4D700794934 /* Products */ = {
			isa = PBXGroup;
			children = (
				470812E92515E4D700794934 /* SpotifyAPIExampleApp.app */,
			);
			name = Products;
			sourceTree = "<group>";
		};
		470812EB2515E4D700794934 /* SpotifyAPIExampleApp */ = {
			isa = PBXGroup;
			children = (
				470812EC2515E4D700794934 /* SpotifyAPIExampleAppApp.swift */,
				470813112515EB8000794934 /* Model */,
				470813082515E9F500794934 /* Views */,
				4708130C2515EB6200794934 /* Project Utilities */,
				470812F02515E4DA00794934 /* Assets.xcassets */,
				470812F52515E4DA00794934 /* Info.plist */,
				470812F22515E4DA00794934 /* Preview Content */,
			);
			path = SpotifyAPIExampleApp;
			sourceTree = "<group>";
		};
		470812F22515E4DA00794934 /* Preview Content */ = {
			isa = PBXGroup;
			children = (
				470812F32515E4DA00794934 /* Preview Assets.xcassets */,
			);
			path = "Preview Content";
			sourceTree = "<group>";
		};
		470813082515E9F500794934 /* Views */ = {
			isa = PBXGroup;
			children = (
				470812EE2515E4D700794934 /* RootView.swift */,
				4725249A253F8B9B00F3FD13 /* LoginView.swift */,
				47B9614F25169BEF0069E441 /* ExamplesListView.swift */,
				47B9615D2516BA990069E441 /* SearchForTracksView.swift */,
				47D760C92541738100A08663 /* TrackView.swift */,
				473F41602516FF62009E52C3 /* Album Views */,
				47B9615B2516A6FE0069E441 /* Playlist Views */,
			);
			path = Views;
			sourceTree = "<group>";
		};
		4708130C2515EB6200794934 /* Project Utilities */ = {
			isa = PBXGroup;
			children = (
				4708130D2515EB6B00794934 /* ImageNames.swift */,
				47C332A6251688D9009ED5CA /* miscellaneousUtilities.swift */,
				47C5818B255B1858007EE0CA /* SpotifyAPIExtensions.swift */,
			);
			path = "Project Utilities";
			sourceTree = "<group>";
		};
		470813112515EB8000794934 /* Model */ = {
			isa = PBXGroup;
			children = (
				470813092515EA2800794934 /* Spotify.swift */,
			);
			path = Model;
			sourceTree = "<group>";
		};
		473F41602516FF62009E52C3 /* Album Views */ = {
			isa = PBXGroup;
			children = (
				47B961652516EDDE0069E441 /* SavedAlbumsGridView.swift */,
				47B961692516F3DF0069E441 /* SavedAlbumView.swift */,
				473F415D2516FF5C009E52C3 /* AlbumTracksView.swift */,
			);
			path = "Album Views";
			sourceTree = "<group>";
		};
		47B9615B2516A6FE0069E441 /* Playlist Views */ = {
			isa = PBXGroup;
			children = (
				47B9615225169C030069E441 /* PlaylistsListView.swift */,
				47B961582516A6F50069E441 /* PlaylistCellView.swift */,
			);
			path = "Playlist Views";
			sourceTree = "<group>";
		};
/* End PBXGroup section */

/* Begin PBXNativeTarget section */
		470812E82515E4D700794934 /* SpotifyAPIExampleApp */ = {
			isa = PBXNativeTarget;
			buildConfigurationList = 470812F82515E4DA00794934 /* Build configuration list for PBXNativeTarget "SpotifyAPIExampleApp" */;
			buildPhases = (
				470812E52515E4D700794934 /* Sources */,
				470812E62515E4D700794934 /* Frameworks */,
				470812E72515E4D700794934 /* Resources */,
			);
			buildRules = (
			);
			dependencies = (
			);
			name = SpotifyAPIExampleApp;
			packageProductDependencies = (
				470812FD2515E64300794934 /* SpotifyAPI */,
				470813022515E8A200794934 /* KeychainAccess */,
			);
			productName = SpotifyAPIExampleApp;
			productReference = 470812E92515E4D700794934 /* SpotifyAPIExampleApp.app */;
			productType = "com.apple.product-type.application";
		};
/* End PBXNativeTarget section */

/* Begin PBXProject section */
		470812E12515E4D700794934 /* Project object */ = {
			isa = PBXProject;
			attributes = {
				LastSwiftUpdateCheck = 1200;
				LastUpgradeCheck = 1200;
				TargetAttributes = {
					470812E82515E4D700794934 = {
						CreatedOnToolsVersion = 12.0;
					};
				};
			};
			buildConfigurationList = 470812E42515E4D700794934 /* Build configuration list for PBXProject "SpotifyAPIExampleApp" */;
			compatibilityVersion = "Xcode 9.3";
			developmentRegion = en;
			hasScannedForEncodings = 0;
			knownRegions = (
				en,
				Base,
			);
			mainGroup = 470812E02515E4D700794934;
			packageReferences = (
				470812FC2515E64300794934 /* XCRemoteSwiftPackageReference "SpotifyAPI" */,
				470813012515E8A200794934 /* XCRemoteSwiftPackageReference "KeychainAccess" */,
			);
			productRefGroup = 470812EA2515E4D700794934 /* Products */;
			projectDirPath = "";
			projectRoot = "";
			targets = (
				470812E82515E4D700794934 /* SpotifyAPIExampleApp */,
			);
		};
/* End PBXProject section */

/* Begin PBXResourcesBuildPhase section */
		470812E72515E4D700794934 /* Resources */ = {
			isa = PBXResourcesBuildPhase;
			buildActionMask = 2147483647;
			files = (
				470812F42515E4DA00794934 /* Preview Assets.xcassets in Resources */,
				470812F12515E4DA00794934 /* Assets.xcassets in Resources */,
			);
			runOnlyForDeploymentPostprocessing = 0;
		};
/* End PBXResourcesBuildPhase section */

/* Begin PBXSourcesBuildPhase section */
		470812E52515E4D700794934 /* Sources */ = {
			isa = PBXSourcesBuildPhase;
			buildActionMask = 2147483647;
			files = (
				4708130E2515EB6B00794934 /* ImageNames.swift in Sources */,
				47B961592516A6F50069E441 /* PlaylistCellView.swift in Sources */,
				473F415E2516FF5C009E52C3 /* AlbumTracksView.swift in Sources */,
				47B9615E2516BA990069E441 /* SearchForTracksView.swift in Sources */,
				470812EF2515E4D700794934 /* RootView.swift in Sources */,
				47C332A7251688D9009ED5CA /* miscellaneousUtilities.swift in Sources */,
				4708130A2515EA2800794934 /* Spotify.swift in Sources */,
				47D760CA2541738100A08663 /* TrackView.swift in Sources */,
				47B9615325169C030069E441 /* PlaylistsListView.swift in Sources */,
				4725249B253F8B9B00F3FD13 /* LoginView.swift in Sources */,
				47B961662516EDDE0069E441 /* SavedAlbumsGridView.swift in Sources */,
				47B9616A2516F3DF0069E441 /* SavedAlbumView.swift in Sources */,
				47C5818C255B1858007EE0CA /* SpotifyAPIExtensions.swift in Sources */,
				470812ED2515E4D700794934 /* SpotifyAPIExampleAppApp.swift in Sources */,
				47B9615025169BEF0069E441 /* ExamplesListView.swift in Sources */,
			);
			runOnlyForDeploymentPostprocessing = 0;
		};
/* End PBXSourcesBuildPhase section */

/* Begin XCBuildConfiguration section */
		470812F62515E4DA00794934 /* Debug */ = {
			isa = XCBuildConfiguration;
			buildSettings = {
				ALWAYS_SEARCH_USER_PATHS = NO;
				CLANG_ANALYZER_NONNULL = YES;
				CLANG_ANALYZER_NUMBER_OBJECT_CONVERSION = YES_AGGRESSIVE;
				CLANG_CXX_LANGUAGE_STANDARD = "gnu++14";
				CLANG_CXX_LIBRARY = "libc++";
				CLANG_ENABLE_MODULES = YES;
				CLANG_ENABLE_OBJC_ARC = YES;
				CLANG_ENABLE_OBJC_WEAK = YES;
				CLANG_WARN_BLOCK_CAPTURE_AUTORELEASING = YES;
				CLANG_WARN_BOOL_CONVERSION = YES;
				CLANG_WARN_COMMA = YES;
				CLANG_WARN_CONSTANT_CONVERSION = YES;
				CLANG_WARN_DEPRECATED_OBJC_IMPLEMENTATIONS = YES;
				CLANG_WARN_DIRECT_OBJC_ISA_USAGE = YES_ERROR;
				CLANG_WARN_DOCUMENTATION_COMMENTS = YES;
				CLANG_WARN_EMPTY_BODY = YES;
				CLANG_WARN_ENUM_CONVERSION = YES;
				CLANG_WARN_INFINITE_RECURSION = YES;
				CLANG_WARN_INT_CONVERSION = YES;
				CLANG_WARN_NON_LITERAL_NULL_CONVERSION = YES;
				CLANG_WARN_OBJC_IMPLICIT_RETAIN_SELF = YES;
				CLANG_WARN_OBJC_LITERAL_CONVERSION = YES;
				CLANG_WARN_OBJC_ROOT_CLASS = YES_ERROR;
				CLANG_WARN_QUOTED_INCLUDE_IN_FRAMEWORK_HEADER = YES;
				CLANG_WARN_RANGE_LOOP_ANALYSIS = YES;
				CLANG_WARN_STRICT_PROTOTYPES = YES;
				CLANG_WARN_SUSPICIOUS_MOVE = YES;
				CLANG_WARN_UNGUARDED_AVAILABILITY = YES_AGGRESSIVE;
				CLANG_WARN_UNREACHABLE_CODE = YES;
				CLANG_WARN__DUPLICATE_METHOD_MATCH = YES;
				COPY_PHASE_STRIP = NO;
				DEBUG_INFORMATION_FORMAT = dwarf;
				ENABLE_STRICT_OBJC_MSGSEND = YES;
				ENABLE_TESTABILITY = YES;
				GCC_C_LANGUAGE_STANDARD = gnu11;
				GCC_DYNAMIC_NO_PIC = NO;
				GCC_NO_COMMON_BLOCKS = YES;
				GCC_OPTIMIZATION_LEVEL = 0;
				GCC_PREPROCESSOR_DEFINITIONS = (
					"DEBUG=1",
					"$(inherited)",
				);
				GCC_WARN_64_TO_32_BIT_CONVERSION = YES;
				GCC_WARN_ABOUT_RETURN_TYPE = YES_ERROR;
				GCC_WARN_UNDECLARED_SELECTOR = YES;
				GCC_WARN_UNINITIALIZED_AUTOS = YES_AGGRESSIVE;
				GCC_WARN_UNUSED_FUNCTION = YES;
				GCC_WARN_UNUSED_VARIABLE = YES;
				IPHONEOS_DEPLOYMENT_TARGET = 14.0;
				MTL_ENABLE_DEBUG_INFO = INCLUDE_SOURCE;
				MTL_FAST_MATH = YES;
				ONLY_ACTIVE_ARCH = YES;
				SDKROOT = iphoneos;
				SWIFT_ACTIVE_COMPILATION_CONDITIONS = DEBUG;
				SWIFT_OPTIMIZATION_LEVEL = "-Onone";
			};
			name = Debug;
		};
		470812F72515E4DA00794934 /* Release */ = {
			isa = XCBuildConfiguration;
			buildSettings = {
				ALWAYS_SEARCH_USER_PATHS = NO;
				CLANG_ANALYZER_NONNULL = YES;
				CLANG_ANALYZER_NUMBER_OBJECT_CONVERSION = YES_AGGRESSIVE;
				CLANG_CXX_LANGUAGE_STANDARD = "gnu++14";
				CLANG_CXX_LIBRARY = "libc++";
				CLANG_ENABLE_MODULES = YES;
				CLANG_ENABLE_OBJC_ARC = YES;
				CLANG_ENABLE_OBJC_WEAK = YES;
				CLANG_WARN_BLOCK_CAPTURE_AUTORELEASING = YES;
				CLANG_WARN_BOOL_CONVERSION = YES;
				CLANG_WARN_COMMA = YES;
				CLANG_WARN_CONSTANT_CONVERSION = YES;
				CLANG_WARN_DEPRECATED_OBJC_IMPLEMENTATIONS = YES;
				CLANG_WARN_DIRECT_OBJC_ISA_USAGE = YES_ERROR;
				CLANG_WARN_DOCUMENTATION_COMMENTS = YES;
				CLANG_WARN_EMPTY_BODY = YES;
				CLANG_WARN_ENUM_CONVERSION = YES;
				CLANG_WARN_INFINITE_RECURSION = YES;
				CLANG_WARN_INT_CONVERSION = YES;
				CLANG_WARN_NON_LITERAL_NULL_CONVERSION = YES;
				CLANG_WARN_OBJC_IMPLICIT_RETAIN_SELF = YES;
				CLANG_WARN_OBJC_LITERAL_CONVERSION = YES;
				CLANG_WARN_OBJC_ROOT_CLASS = YES_ERROR;
				CLANG_WARN_QUOTED_INCLUDE_IN_FRAMEWORK_HEADER = YES;
				CLANG_WARN_RANGE_LOOP_ANALYSIS = YES;
				CLANG_WARN_STRICT_PROTOTYPES = YES;
				CLANG_WARN_SUSPICIOUS_MOVE = YES;
				CLANG_WARN_UNGUARDED_AVAILABILITY = YES_AGGRESSIVE;
				CLANG_WARN_UNREACHABLE_CODE = YES;
				CLANG_WARN__DUPLICATE_METHOD_MATCH = YES;
				COPY_PHASE_STRIP = NO;
				DEBUG_INFORMATION_FORMAT = "dwarf-with-dsym";
				ENABLE_NS_ASSERTIONS = NO;
				ENABLE_STRICT_OBJC_MSGSEND = YES;
				GCC_C_LANGUAGE_STANDARD = gnu11;
				GCC_NO_COMMON_BLOCKS = YES;
				GCC_WARN_64_TO_32_BIT_CONVERSION = YES;
				GCC_WARN_ABOUT_RETURN_TYPE = YES_ERROR;
				GCC_WARN_UNDECLARED_SELECTOR = YES;
				GCC_WARN_UNINITIALIZED_AUTOS = YES_AGGRESSIVE;
				GCC_WARN_UNUSED_FUNCTION = YES;
				GCC_WARN_UNUSED_VARIABLE = YES;
				IPHONEOS_DEPLOYMENT_TARGET = 14.0;
				MTL_ENABLE_DEBUG_INFO = NO;
				MTL_FAST_MATH = YES;
				SDKROOT = iphoneos;
				SWIFT_COMPILATION_MODE = wholemodule;
				SWIFT_OPTIMIZATION_LEVEL = "-O";
				VALIDATE_PRODUCT = YES;
			};
			name = Release;
		};
		470812F92515E4DA00794934 /* Debug */ = {
			isa = XCBuildConfiguration;
			buildSettings = {
				ASSETCATALOG_COMPILER_APPICON_NAME = AppIcon;
				ASSETCATALOG_COMPILER_GLOBAL_ACCENT_COLOR_NAME = AccentColor;
				CODE_SIGN_STYLE = Automatic;
				DEVELOPMENT_ASSET_PATHS = "\"SpotifyAPIExampleApp/Preview Content\"";
				DEVELOPMENT_TEAM = NB77K8UB8Y;
				ENABLE_PREVIEWS = YES;
				INFOPLIST_FILE = SpotifyAPIExampleApp/Info.plist;
				IPHONEOS_DEPLOYMENT_TARGET = 14.0;
				LD_RUNPATH_SEARCH_PATHS = (
					"$(inherited)",
					"@executable_path/Frameworks",
				);
				PRODUCT_BUNDLE_IDENTIFIER = "Peter-Schorn.SpotifyAPIExampleApp";
				PRODUCT_NAME = "$(TARGET_NAME)";
				SWIFT_VERSION = 5.0;
				TARGETED_DEVICE_FAMILY = "1,2";
			};
			name = Debug;
		};
		470812FA2515E4DA00794934 /* Release */ = {
			isa = XCBuildConfiguration;
			buildSettings = {
				ASSETCATALOG_COMPILER_APPICON_NAME = AppIcon;
				ASSETCATALOG_COMPILER_GLOBAL_ACCENT_COLOR_NAME = AccentColor;
				CODE_SIGN_STYLE = Automatic;
				DEVELOPMENT_ASSET_PATHS = "\"SpotifyAPIExampleApp/Preview Content\"";
				DEVELOPMENT_TEAM = NB77K8UB8Y;
				ENABLE_PREVIEWS = YES;
				INFOPLIST_FILE = SpotifyAPIExampleApp/Info.plist;
				IPHONEOS_DEPLOYMENT_TARGET = 14.0;
				LD_RUNPATH_SEARCH_PATHS = (
					"$(inherited)",
					"@executable_path/Frameworks",
				);
				PRODUCT_BUNDLE_IDENTIFIER = "Peter-Schorn.SpotifyAPIExampleApp";
				PRODUCT_NAME = "$(TARGET_NAME)";
				SWIFT_VERSION = 5.0;
				TARGETED_DEVICE_FAMILY = "1,2";
			};
			name = Release;
		};
/* End XCBuildConfiguration section */

/* Begin XCConfigurationList section */
		470812E42515E4D700794934 /* Build configuration list for PBXProject "SpotifyAPIExampleApp" */ = {
			isa = XCConfigurationList;
			buildConfigurations = (
				470812F62515E4DA00794934 /* Debug */,
				470812F72515E4DA00794934 /* Release */,
			);
			defaultConfigurationIsVisible = 0;
			defaultConfigurationName = Release;
		};
		470812F82515E4DA00794934 /* Build configuration list for PBXNativeTarget "SpotifyAPIExampleApp" */ = {
			isa = XCConfigurationList;
			buildConfigurations = (
				470812F92515E4DA00794934 /* Debug */,
				470812FA2515E4DA00794934 /* Release */,
			);
			defaultConfigurationIsVisible = 0;
			defaultConfigurationName = Release;
		};
/* End XCConfigurationList section */

/* Begin XCRemoteSwiftPackageReference section */
		470812FC2515E64300794934 /* XCRemoteSwiftPackageReference "SpotifyAPI" */ = {
			isa = XCRemoteSwiftPackageReference;
			repositoryURL = "https://github.com/Peter-Schorn/SpotifyAPI.git";
			requirement = {
				kind = upToNextMajorVersion;
				minimumVersion = 1.0.3;
			};
		};
		470813012515E8A200794934 /* XCRemoteSwiftPackageReference "KeychainAccess" */ = {
			isa = XCRemoteSwiftPackageReference;
			repositoryURL = "https://github.com/kishikawakatsumi/KeychainAccess";
			requirement = {
				kind = upToNextMajorVersion;
				minimumVersion = 4.2.1;
			};
		};
/* End XCRemoteSwiftPackageReference section */

/* Begin XCSwiftPackageProductDependency section */
		470812FD2515E64300794934 /* SpotifyAPI */ = {
			isa = XCSwiftPackageProductDependency;
			package = 470812FC2515E64300794934 /* XCRemoteSwiftPackageReference "SpotifyAPI" */;
			productName = SpotifyAPI;
		};
		470813022515E8A200794934 /* KeychainAccess */ = {
			isa = XCSwiftPackageProductDependency;
			package = 470813012515E8A200794934 /* XCRemoteSwiftPackageReference "KeychainAccess" */;
			productName = KeychainAccess;
		};
/* End XCSwiftPackageProductDependency section */
	};
	rootObject = 470812E12515E4D700794934 /* Project object */;
}
